
Microsoft Visual Studio Solution File, Format Version 12.00
# Visual Studio Version 17
VisualStudioVersion = 17.4.33403.182
MinimumVisualStudioVersion = 10.0.40219.1
Project("{FAE04EC0-301F-11D3-BF4B-00C04F79EFBC}") = "WindowsFormsApp4", "WindowsFormsApp4\WindowsFormsApp4.csproj", "{D356A759-EAED-4538-B882-342EFEEFD4F5}"
EndProject
Project("{FAE04EC0-301F-11D3-BF4B-00C04F79EFBC}") = "ClassLibraryShC", "ClassLibraryShC\ClassLibraryShC.csproj", "{B10ABF97-5926-4D5F-9B98-F6D20B82F0D0}"
EndProject
Project("{FAE04EC0-301F-11D3-BF4B-00C04F79EFBC}") = "ClassLibrarySth", "ClassLibrarySth\ClassLibrarySth.csproj", "{D4DE7CF9-E0AB-42C7-8CFE-146388687DE2}"
EndProject
Global
	GlobalSection(SolutionConfigurationPlatforms) = preSolution
		Debug|Any CPU = Debug|Any CPU
		Release|Any CPU = Release|Any CPU
	EndGlobalSection
	GlobalSection(ProjectConfigurationPlatforms) = postSolution
		{D356A759-EAED-4538-B882-342EFEEFD4F5}.Debug|Any CPU.ActiveCfg = Debug|Any CPU
		{D356A759-EAED-4538-B882-342EFEEFD4F5}.Debug|Any CPU.Build.0 = Debug|Any CPU
		{D356A759-EAED-4538-B882-342EFEEFD4F5}.Release|Any CPU.ActiveCfg = Release|Any CPU
		{D356A759-EAED-4538-B882-342EFEEFD4F5}.Release|Any CPU.Build.0 = Release|Any CPU
		{B10ABF97-5926-4D5F-9B98-F6D20B82F0D0}.Debug|Any CPU.ActiveCfg = Debug|Any CPU
		{B10ABF97-5926-4D5F-9B98-F6D20B82F0D0}.Debug|Any CPU.Build.0 = Debug|Any CPU
		{B10ABF97-5926-4D5F-9B98-F6D20B82F0D0}.Release|Any CPU.ActiveCfg = Release|Any CPU
		{B10ABF97-5926-4D5F-9B98-F6D20B82F0D0}.Release|Any CPU.Build.0 = Release|Any CPU
		{D4DE7CF9-E0AB-42C7-8CFE-146388687DE2}.Debug|Any CPU.ActiveCfg = Debug|Any CPU
		{D4DE7CF9-E0AB-42C7-8CFE-146388687DE2}.Debug|Any CPU.Build.0 = Debug|Any CPU
		{D4DE7CF9-E0AB-42C7-8CFE-146388687DE2}.Release|Any CPU.ActiveCfg = Release|Any CPU
		{D4DE7CF9-E0AB-42C7-8CFE-146388687DE2}.Release|Any CPU.Build.0 = Release|Any CPU
	EndGlobalSection
	GlobalSection(SolutionProperties) = preSolution
		HideSolutionNode = FALSE
	EndGlobalSection
	GlobalSection(ExtensibilityGlobals) = postSolution
		SolutionGuid = {F13F2ED9-3825-4B73-BDF3-645EB027FD24}
	EndGlobalSection
EndGlobal
